PODS:
  - AFNetworking (3.1.0):
    - AFNetworking/NSURLSession (= 3.1.0)
    - AFNetworking/Reachability (= 3.1.0)
    - AFNetworking/Security (= 3.1.0)
    - AFNetworking/Serialization (= 3.1.0)
    - AFNetworking/UIKit (= 3.1.0)
  - AFNetworking/NSURLSession (3.1.0):
    - AFNetworking/Reachability
    - AFNetworking/Security
    - AFNetworking/Serialization
  - AFNetworking/Reachability (3.1.0)
  - AFNetworking/Security (3.1.0)
  - AFNetworking/Serialization (3.1.0)
  - AFNetworking/UIKit (3.1.0):
    - AFNetworking/NSURLSession
  - BJHL-Foundation-iOS (1.2.12)
  - BJHL-VideoPlayer-Manager (0.2.10.1):
    - AFNetworking
    - BJVideoPlayer
    - LogStat
    - Reachability
    - YYModel
  - BJHL-Websocket-iOS (0.3.2):
    - PocketSocket
  - BJLiveCore (0.3.0-dylib04):
    - BJHL-Foundation-iOS
    - BJHL-Websocket-iOS (>= 0.3.2)
    - BJLiveCore/BJHLMediaPlayer (= 0.3.0-dylib04)
    - JRSwizzle
    - libextobjc/EXTScope
    - LKDBHelper
    - LogStat
    - LTInfiniteScrollView
    - ReactiveCocoa (~> 2.0)
    - SDWebImage
    - YYModel
  - BJLiveCore/BJHLMediaPlayer (0.3.0-dylib04):
    - BJHL-Foundation-iOS
    - BJHL-Websocket-iOS (>= 0.3.2)
    - JRSwizzle
    - libextobjc/EXTScope
    - LKDBHelper
    - LogStat
    - LTInfiniteScrollView
    - ReactiveCocoa (~> 2.0)
    - SDWebImage
    - YYModel
  - BJPlaybackCore (0.2.9):
    - AFNetworking
    - BJHL-Foundation-iOS
    - BJHL-VideoPlayer-Manager (= 0.2.10.1)
    - BJLiveCore (= 0.3.0-dylib04)
    - LogStat
    - NVHTarGzip
    - ReactiveCocoa
    - YYModel
  - BJVideoPlayer (0.0.18)
  - FMDB (2.6.2):
    - FMDB/standard (= 2.6.2)
  - FMDB/standard (2.6.2)
  - JRSwizzle (1.0)
  - libextobjc/EXTScope (0.4.1):
    - libextobjc/RuntimeExtensions
  - libextobjc/RuntimeExtensions (0.4.1)
  - LKDBHelper (2.4.2):
    - FMDB
  - LogStat (0.6.0):
    - AFNetworking
    - LKDBHelper
  - LTInfiniteScrollView (4.3.2)
  - Masonry (1.0.2)
  - MBProgressHUD (1.0.0)
  - NVHTarGzip (1.0.1)
  - PocketSocket (1.0.1):
    - PocketSocket/Client (= 1.0.1)
    - PocketSocket/Core (= 1.0.1)
    - PocketSocket/Server (= 1.0.1)
  - PocketSocket/Client (1.0.1):
    - PocketSocket/Core
  - PocketSocket/Core (1.0.1)
  - PocketSocket/Server (1.0.1):
    - PocketSocket/Client
  - Reachability (3.2)
  - ReactiveCocoa (2.5):
    - ReactiveCocoa/UI (= 2.5)
  - ReactiveCocoa/Core (2.5):
    - ReactiveCocoa/no-arc
  - ReactiveCocoa/no-arc (2.5)
  - ReactiveCocoa/UI (2.5):
    - ReactiveCocoa/Core
  - SDWebImage (4.0.0):
    - SDWebImage/Core (= 4.0.0)
  - SDWebImage/Core (4.0.0)
  - YYModel (1.0.4)

DEPENDENCIES:
  - BJPlaybackCore
  - Masonry
  - MBProgressHUD
  - ReactiveCocoa (~> 2.0)
  - SDWebImage

SPEC CHECKSUMS:
  AFNetworking: 5e0e199f73d8626b11e79750991f5d173d1f8b67
  BJHL-Foundation-iOS: c8d795787524a8f27edb4694dd78794bc2fca450
  BJHL-VideoPlayer-Manager: 766733226754cbc53936c129145e5203851912e6
  BJHL-Websocket-iOS: d268c2d08cb22d461a0b961781566e488c004c1d
  BJLiveCore: 9c8cf353c9669e8e9d1149b93c5c4806008efe9a
  BJPlaybackCore: 20c351a84570f8394de740bda0151597c6bdc438
  BJVideoPlayer: f4cefd6ec75fd7714897d239a875224e8581d205
  FMDB: 854a0341b4726e53276f2a8996f06f1b80f9259a
  JRSwizzle: dd5ead5d913a0f29e7f558200165849f006bb1e3
  libextobjc: a650fc1bf489a3d3a9bc2e621efa3e1006fc5471
  LKDBHelper: ab67373b32f47463bf5f838d730f225824f4492a
  LogStat: b3af561bbe5691bdd8df624a3e570419e5b30f9f
  LTInfiniteScrollView: 6ce2fcaf6d030a9e45a164ba9dcdb1b325a30d03
  Masonry: 7c429b56da9d4ee0bbb3ed77a5ea710d6a5df39e
  MBProgressHUD: 4890f671c94e8a0f3cf959aa731e9de2f036d71a
  NVHTarGzip: 74cc227b902e5725900d37eb6d79b57e93005a73
  PocketSocket: 9c6867d66fb4f962af96b9b07f4b45bb561b2c2a
  Reachability: 33e18b67625424e47b6cde6d202dce689ad7af96
  ReactiveCocoa: e2db045570aa97c695e7aa97c2bcab222ae51f4a
  SDWebImage: 76a6348bdc74eb5a55dd08a091ef298e56b55e41
  YYModel: 2a7fdd96aaa4b86a824e26d0c517de8928c04b30

PODFILE CHECKSUM: 352559b6a614c939855fd5468cc4f6aed87378cb

COCOAPODS: 1.2.1
