PODS:
  - AFNetworking (3.1.0):
    - AFNetworking/NSURLSession (= 3.1.0)
    - AFNetworking/Reachability (= 3.1.0)
    - AFNetworking/Security (= 3.1.0)
    - AFNetworking/Serialization (= 3.1.0)
    - AFNetworking/UIKit (= 3.1.0)
  - AFNetworking/NSURLSession (3.1.0):
    - AFNetworking/Reachability
    - AFNetworking/Security
    - AFNetworking/Serialization
  - AFNetworking/Reachability (3.1.0)
  - AFNetworking/Security (3.1.0)
  - AFNetworking/Serialization (3.1.0)
  - AFNetworking/UIKit (3.1.0):
    - AFNetworking/NSURLSession
  - BJLiveCore (0.4.0):
    - AFNetworking (~> 3.0)
    - BJLiveCore/BJHLMediaPlayer (= 0.4.0)
    - JRSwizzle
    - libextobjc/EXTScope
    - LogStat (~> 0.6.6)
    - PocketSocket
    - ReactiveObjC
    - SDWebImage
    - YYModel
  - BJLiveCore/BJHLMediaPlayer (0.4.0):
    - AFNetworking (~> 3.0)
    - JRSwizzle
    - libextobjc/EXTScope
    - LogStat (~> 0.6.6)
    - PocketSocket
    - ReactiveObjC
    - SDWebImage
    - YYModel
  - BJPlaybackCore (0.3.1.1):
    - AFNetworking
    - BJLiveCore
    - BJPlayerManagerCore
    - LogStat (= 0.6.6)
    - NVHTarGzip
    - ReactiveObjC
    - YYModel
  - BJPlayerManagerCore (0.4.0):
    - AFNetworking
    - BJVideoPlayer
    - LogStat
    - YYModel
  - BJVideoPlayer (0.0.21)
  - FMDB (2.7.2):
    - FMDB/standard (= 2.7.2)
  - FMDB/standard (2.7.2)
  - JRSwizzle (1.0)
  - libextobjc/EXTScope (0.4.1):
    - libextobjc/RuntimeExtensions
  - libextobjc/RuntimeExtensions (0.4.1)
  - LKDBHelper (2.4.4):
    - LKDBHelper/standard (= 2.4.4)
  - LKDBHelper/standard (2.4.4):
    - FMDB
  - LogStat (0.6.6):
    - AFNetworking
    - LKDBHelper
  - Masonry (1.0.2)
  - MBProgressHUD (1.0.0)
  - NVHTarGzip (1.0.1)
  - PocketSocket (1.0.1):
    - PocketSocket/Client (= 1.0.1)
    - PocketSocket/Core (= 1.0.1)
    - PocketSocket/Server (= 1.0.1)
  - PocketSocket/Client (1.0.1):
    - PocketSocket/Core
  - PocketSocket/Core (1.0.1)
  - PocketSocket/Server (1.0.1):
    - PocketSocket/Client
  - ReactiveObjC (3.0.0)
  - SDWebImage (4.0.0):
    - SDWebImage/Core (= 4.0.0)
  - SDWebImage/Core (4.0.0)
  - YYModel (1.0.4)

DEPENDENCIES:
  - BJPlaybackCore
  - Masonry
  - MBProgressHUD
  - SDWebImage

SPEC CHECKSUMS:
  AFNetworking: 5e0e199f73d8626b11e79750991f5d173d1f8b67
  BJLiveCore: a3e9471cb978f3135ff530ad223401635fd643c3
  BJPlaybackCore: e9c5ead81cd62a8b2a90c522b205585df4c740b9
  BJPlayerManagerCore: fd3f7f01c63486437bc506478fd23c1acf74ca6e
  BJVideoPlayer: 90c78655891ae6aa3a4729ec0f7f31f286d3c9d2
  FMDB: 6198a90e7b6900cfc046e6bc0ef6ebb7be9236aa
  JRSwizzle: dd5ead5d913a0f29e7f558200165849f006bb1e3
  libextobjc: a650fc1bf489a3d3a9bc2e621efa3e1006fc5471
  LKDBHelper: cf467ff69aaf1e13bd4964aca3a79881d54c6d14
  LogStat: 62094776744429f4a84d2e850f7999bd04713036
  Masonry: 7c429b56da9d4ee0bbb3ed77a5ea710d6a5df39e
  MBProgressHUD: 4890f671c94e8a0f3cf959aa731e9de2f036d71a
  NVHTarGzip: 74cc227b902e5725900d37eb6d79b57e93005a73
  PocketSocket: 9c6867d66fb4f962af96b9b07f4b45bb561b2c2a
  ReactiveObjC: ce79989e8684b9086b5f8d0c74bc7b81a8729c9e
  SDWebImage: 76a6348bdc74eb5a55dd08a091ef298e56b55e41
  YYModel: 2a7fdd96aaa4b86a824e26d0c517de8928c04b30

PODFILE CHECKSUM: 1644203a51551c251e036bf310d58671a2a6b246

COCOAPODS: 1.2.1
